
Microsoft Visual Studio Solution File, Format Version 12.00
# Visual Studio Version 16
VisualStudioVersion = 16.0.30523.141
MinimumVisualStudioVersion = 10.0.40219.1
Project("{FAE04EC0-301F-11D3-BF4B-00C04F79EFBC}") = "MyFirstApp", "MyFirstApp.csproj", "{0A086973-76FE-4AF5-90B7-9453DE8EE54B}"
EndProject
Global
	GlobalSection(SolutionConfigurationPlatforms) = preSolution
		Debug|Any CPU = Debug|Any CPU
		Release|Any CPU = Release|Any CPU
	EndGlobalSection
	GlobalSection(ProjectConfigurationPlatforms) = postSolution
		{0A086973-76FE-4AF5-90B7-9453DE8EE54B}.Debug|Any CPU.ActiveCfg = Debug|Any CPU
		{0A086973-76FE-4AF5-90B7-9453DE8EE54B}.Debug|Any CPU.Build.0 = Debug|Any CPU
		{0A086973-76FE-4AF5-90B7-9453DE8EE54B}.Release|Any CPU.ActiveCfg = Release|Any CPU
		{0A086973-76FE-4AF5-90B7-9453DE8EE54B}.Release|Any CPU.Build.0 = Release|Any CPU
	EndGlobalSection
	GlobalSection(SolutionProperties) = preSolution
		HideSolutionNode = FALSE
	EndGlobalSection
	GlobalSection(ExtensibilityGlobals) = postSolution
		SolutionGuid = {1E720290-9C87-4FAE-8465-21BC5C79470C}
	EndGlobalSection
EndGlobal
